
Microsoft Visual Studio Solution File, Format Version 12.00
# Visual Studio Version 17
VisualStudioVersion = 17.0.32112.339
MinimumVisualStudioVersion = 10.0.40219.1
Project("{FAE04EC0-301F-11D3-BF4B-00C04F79EFBC}") = "ExaminationSystem", "ExaminationSystem\ExaminationSystem.csproj", "{93D725E8-033A-454D-BABB-7CBCC91B365D}"
EndProject
Global
	GlobalSection(SolutionConfigurationPlatforms) = preSolution
		Debug|Any CPU = Debug|Any CPU
		Release|Any CPU = Release|Any CPU
	EndGlobalSection
	GlobalSection(ProjectConfigurationPlatforms) = postSolution
		{93D725E8-033A-454D-BABB-7CBCC91B365D}.Debug|Any CPU.ActiveCfg = Debug|Any CPU
		{93D725E8-033A-454D-BABB-7CBCC91B365D}.Debug|Any CPU.Build.0 = Debug|Any CPU
		{93D725E8-033A-454D-BABB-7CBCC91B365D}.Release|Any CPU.ActiveCfg = Release|Any CPU
		{93D725E8-033A-454D-BABB-7CBCC91B365D}.Release|Any CPU.Build.0 = Release|Any CPU
	EndGlobalSection
	GlobalSection(SolutionProperties) = preSolution
		HideSolutionNode = FALSE
	EndGlobalSection
	GlobalSection(ExtensibilityGlobals) = postSolution
		SolutionGuid = {4DDC482E-E8E6-4DAE-A4C7-0CC50B15AE3B}
	EndGlobalSection
EndGlobal
